// !$*UTF8*$!
{
	archiveVersion = 1;
	classes = {
	};
	objectVersion = 50;
	objects = {

/* Begin PBXBuildFile section */
		DA64A8EC20CFA728009A3D3B /* XDJDownloadPlugin.m in Sources */ = {isa = PBXBuildFile; fileRef = DA64A8EB20CFA728009A3D3B /* XDJDownloadPlugin.m */; };
		DA70878D207F4CFA00DE04A8 /* AppDelegate.m in Sources */ = {isa = PBXBuildFile; fileRef = DA70878C207F4CFA00DE04A8 /* AppDelegate.m */; };
		DA708790207F4CFA00DE04A8 /* ViewController.m in Sources */ = {isa = PBXBuildFile; fileRef = DA70878F207F4CFA00DE04A8 /* ViewController.m */; };
		DA708793207F4CFA00DE04A8 /* Main.storyboard in Resources */ = {isa = PBXBuildFile; fileRef = DA708791207F4CFA00DE04A8 /* Main.storyboard */; };
		DA708795207F4CFB00DE04A8 /* Assets.xcassets in Resources */ = {isa = PBXBuildFile; fileRef = DA708794207F4CFB00DE04A8 /* Assets.xcassets */; };
		DA708798207F4CFB00DE04A8 /* LaunchScreen.storyboard in Resources */ = {isa = PBXBuildFile; fileRef = DA708796207F4CFB00DE04A8 /* LaunchScreen.storyboard */; };
		DA70879B207F4CFB00DE04A8 /* main.m in Sources */ = {isa = PBXBuildFile; fileRef = DA70879A207F4CFB00DE04A8 /* main.m */; };
		DA7087C8207F4D2300DE04A8 /* LICENSE in Resources */ = {isa = PBXBuildFile; fileRef = DA7087A3207F4D2300DE04A8 /* LICENSE */; };
		DA7087C9207F4D2300DE04A8 /* README.md in Resources */ = {isa = PBXBuildFile; fileRef = DA7087A4207F4D2300DE04A8 /* README.md */; };
		DA7087CA207F4D2300DE04A8 /* UIProgressView+AFNetworking.m in Sources */ = {isa = PBXBuildFile; fileRef = DA7087A6207F4D2300DE04A8 /* UIProgressView+AFNetworking.m */; };
		DA7087CB207F4D2300DE04A8 /* UIRefreshControl+AFNetworking.m in Sources */ = {isa = PBXBuildFile; fileRef = DA7087A8207F4D2300DE04A8 /* UIRefreshControl+AFNetworking.m */; };
		DA7087CC207F4D2300DE04A8 /* AFNetworkActivityIndicatorManager.m in Sources */ = {isa = PBXBuildFile; fileRef = DA7087AB207F4D2300DE04A8 /* AFNetworkActivityIndicatorManager.m */; };
		DA7087CD207F4D2300DE04A8 /* UIImageView+AFNetworking.m in Sources */ = {isa = PBXBuildFile; fileRef = DA7087B1207F4D2300DE04A8 /* UIImageView+AFNetworking.m */; };
		DA7087CE207F4D2300DE04A8 /* UIButton+AFNetworking.m in Sources */ = {isa = PBXBuildFile; fileRef = DA7087B4207F4D2300DE04A8 /* UIButton+AFNetworking.m */; };
		DA7087CF207F4D2300DE04A8 /* UIActivityIndicatorView+AFNetworking.m in Sources */ = {isa = PBXBuildFile; fileRef = DA7087B5207F4D2300DE04A8 /* UIActivityIndicatorView+AFNetworking.m */; };
		DA7087D0207F4D2300DE04A8 /* UIWebView+AFNetworking.m in Sources */ = {isa = PBXBuildFile; fileRef = DA7087B6207F4D2300DE04A8 /* UIWebView+AFNetworking.m */; };
		DA7087D1207F4D2300DE04A8 /* AFAutoPurgingImageCache.m in Sources */ = {isa = PBXBuildFile; fileRef = DA7087B7207F4D2300DE04A8 /* AFAutoPurgingImageCache.m */; };
		DA7087D2207F4D2300DE04A8 /* AFImageDownloader.m in Sources */ = {isa = PBXBuildFile; fileRef = DA7087B9207F4D2300DE04A8 /* AFImageDownloader.m */; };
		DA7087D3207F4D2300DE04A8 /* AFURLResponseSerialization.m in Sources */ = {isa = PBXBuildFile; fileRef = DA7087BF207F4D2300DE04A8 /* AFURLResponseSerialization.m */; };
		DA7087D4207F4D2300DE04A8 /* AFHTTPSessionManager.m in Sources */ = {isa = PBXBuildFile; fileRef = DA7087C0207F4D2300DE04A8 /* AFHTTPSessionManager.m */; };
		DA7087D5207F4D2300DE04A8 /* AFURLSessionManager.m in Sources */ = {isa = PBXBuildFile; fileRef = DA7087C2207F4D2300DE04A8 /* AFURLSessionManager.m */; };
		DA7087D6207F4D2300DE04A8 /* AFURLRequestSerialization.m in Sources */ = {isa = PBXBuildFile; fileRef = DA7087C3207F4D2300DE04A8 /* AFURLRequestSerialization.m */; };
		DA7087D7207F4D2300DE04A8 /* AFNetworkReachabilityManager.m in Sources */ = {isa = PBXBuildFile; fileRef = DA7087C5207F4D2300DE04A8 /* AFNetworkReachabilityManager.m */; };
		DA7087D8207F4D2300DE04A8 /* AFSecurityPolicy.m in Sources */ = {isa = PBXBuildFile; fileRef = DA7087C6207F4D2300DE04A8 /* AFSecurityPolicy.m */; };
		DA7087EF207F4D2C00DE04A8 /* XDJDataEngine.m in Sources */ = {isa = PBXBuildFile; fileRef = DA7087DA207F4D2B00DE04A8 /* XDJDataEngine.m */; };
		DA7087F0207F4D2C00DE04A8 /* XDJHttpClient.m in Sources */ = {isa = PBXBuildFile; fileRef = DA7087DB207F4D2B00DE04A8 /* XDJHttpClient.m */; };
		DA7087F1207F4D2C00DE04A8 /* XDJBaseRequestDataModel.m in Sources */ = {isa = PBXBuildFile; fileRef = DA7087DD207F4D2B00DE04A8 /* XDJBaseRequestDataModel.m */; };
		DA7087F2207F4D2C00DE04A8 /* XDJRequestGenerator.m in Sources */ = {isa = PBXBuildFile; fileRef = DA7087DF207F4D2B00DE04A8 /* XDJRequestGenerator.m */; };
		DA7087F4207F4D2C00DE04A8 /* XDJBaseNetErrorHandler.m in Sources */ = {isa = PBXBuildFile; fileRef = DA7087E6207F4D2B00DE04A8 /* XDJBaseNetErrorHandler.m */; };
		DA7087F5207F4D2C00DE04A8 /* NSString+UtilNetworking.m in Sources */ = {isa = PBXBuildFile; fileRef = DA7087E8207F4D2B00DE04A8 /* NSString+UtilNetworking.m */; };
		DA7087F6207F4D2C00DE04A8 /* XDJNetworkingAutoCancelRequests.m in Sources */ = {isa = PBXBuildFile; fileRef = DA7087EB207F4D2B00DE04A8 /* XDJNetworkingAutoCancelRequests.m */; };
		DA7087F7207F4D2C00DE04A8 /* NSObject+NetWorkingAutoCancel.m in Sources */ = {isa = PBXBuildFile; fileRef = DA7087ED207F4D2B00DE04A8 /* NSObject+NetWorkingAutoCancel.m */; };
		DA708805207F6D1900DE04A8 /* RequestCommonNeeds.m in Sources */ = {isa = PBXBuildFile; fileRef = DA708801207F6D1900DE04A8 /* RequestCommonNeeds.m */; };
		DA708807207F6D1900DE04A8 /* NetErrorHandler.m in Sources */ = {isa = PBXBuildFile; fileRef = DA708803207F6D1900DE04A8 /* NetErrorHandler.m */; };
		DA8481AD210C4CDB00EB489F /* XDJDataEngine+urlControl.m in Sources */ = {isa = PBXBuildFile; fileRef = DA8481AC210C4CDB00EB489F /* XDJDataEngine+urlControl.m */; };
/* End PBXBuildFile section */

/* Begin PBXFileReference section */
		DA64A8EA20CFA728009A3D3B /* XDJDownloadPlugin.h */ = {isa = PBXFileReference; lastKnownFileType = sourcecode.c.h; path = XDJDownloadPlugin.h; sourceTree = "<group>"; };
		DA64A8EB20CFA728009A3D3B /* XDJDownloadPlugin.m */ = {isa = PBXFileReference; lastKnownFileType = sourcecode.c.objc; path = XDJDownloadPlugin.m; sourceTree = "<group>"; };
		DA708788207F4CFA00DE04A8 /* NetworkingDemo.app */ = {isa = PBXFileReference; explicitFileType = wrapper.application; includeInIndex = 0; path = NetworkingDemo.app; sourceTree = BUILT_PRODUCTS_DIR; };
		DA70878B207F4CFA00DE04A8 /* AppDelegate.h */ = {isa = PBXFileReference; lastKnownFileType = sourcecode.c.h; path = AppDelegate.h; sourceTree = "<group>"; };
		DA70878C207F4CFA00DE04A8 /* AppDelegate.m */ = {isa = PBXFileReference; lastKnownFileType = sourcecode.c.objc; path = AppDelegate.m; sourceTree = "<group>"; };
		DA70878E207F4CFA00DE04A8 /* ViewController.h */ = {isa = PBXFileReference; lastKnownFileType = sourcecode.c.h; path = ViewController.h; sourceTree = "<group>"; };
		DA70878F207F4CFA00DE04A8 /* ViewController.m */ = {isa = PBXFileReference; lastKnownFileType = sourcecode.c.objc; path = ViewController.m; sourceTree = "<group>"; };
		DA708792207F4CFA00DE04A8 /* Base */ = {isa = PBXFileReference; lastKnownFileType = file.storyboard; name = Base; path = Base.lproj/Main.storyboard; sourceTree = "<group>"; };
		DA708794207F4CFB00DE04A8 /* Assets.xcassets */ = {isa = PBXFileReference; lastKnownFileType = folder.assetcatalog; path = Assets.xcassets; sourceTree = "<group>"; };
		DA708797207F4CFB00DE04A8 /* Base */ = {isa = PBXFileReference; lastKnownFileType = file.storyboard; name = Base; path = Base.lproj/LaunchScreen.storyboard; sourceTree = "<group>"; };
		DA708799207F4CFB00DE04A8 /* Info.plist */ = {isa = PBXFileReference; lastKnownFileType = text.plist.xml; path = Info.plist; sourceTree = "<group>"; };
		DA70879A207F4CFB00DE04A8 /* main.m */ = {isa = PBXFileReference; lastKnownFileType = sourcecode.c.objc; path = main.m; sourceTree = "<group>"; };
		DA7087A3207F4D2300DE04A8 /* LICENSE */ = {isa = PBXFileReference; fileEncoding = 4; lastKnownFileType = text; path = LICENSE; sourceTree = "<group>"; };
		DA7087A4207F4D2300DE04A8 /* README.md */ = {isa = PBXFileReference; fileEncoding = 4; lastKnownFileType = net.daringfireball.markdown; path = README.md; sourceTree = "<group>"; };
		DA7087A6207F4D2300DE04A8 /* UIProgressView+AFNetworking.m */ = {isa = PBXFileReference; fileEncoding = 4; lastKnownFileType = sourcecode.c.objc; path = "UIProgressView+AFNetworking.m"; sourceTree = "<group>"; };
		DA7087A7207F4D2300DE04A8 /* UIButton+AFNetworking.h */ = {isa = PBXFileReference; fileEncoding = 4; lastKnownFileType = sourcecode.c.h; path = "UIButton+AFNetworking.h"; sourceTree = "<group>"; };
		DA7087A8207F4D2300DE04A8 /* UIRefreshControl+AFNetworking.m */ = {isa = PBXFileReference; fileEncoding = 4; lastKnownFileType = sourcecode.c.objc; path = "UIRefreshControl+AFNetworking.m"; sourceTree = "<group>"; };
		DA7087A9207F4D2300DE04A8 /* UIImageView+AFNetworking.h */ = {isa = PBXFileReference; fileEncoding = 4; lastKnownFileType = sourcecode.c.h; path = "UIImageView+AFNetworking.h"; sourceTree = "<group>"; };
		DA7087AA207F4D2300DE04A8 /* AFImageDownloader.h */ = {isa = PBXFileReference; fileEncoding = 4; lastKnownFileType = sourcecode.c.h; path = AFImageDownloader.h; sourceTree = "<group>"; };
		DA7087AB207F4D2300DE04A8 /* AFNetworkActivityIndicatorManager.m */ = {isa = PBXFileReference; fileEncoding = 4; lastKnownFileType = sourcecode.c.objc; path = AFNetworkActivityIndicatorManager.m; sourceTree = "<group>"; };
		DA7087AC207F4D2300DE04A8 /* AFAutoPurgingImageCache.h */ = {isa = PBXFileReference; fileEncoding = 4; lastKnownFileType = sourcecode.c.h; path = AFAutoPurgingImageCache.h; sourceTree = "<group>"; };
		DA7087AD207F4D2300DE04A8 /* UIWebView+AFNetworking.h */ = {isa = PBXFileReference; fileEncoding = 4; lastKnownFileType = sourcecode.c.h; path = "UIWebView+AFNetworking.h"; sourceTree = "<group>"; };
		DA7087AE207F4D2300DE04A8 /* UIActivityIndicatorView+AFNetworking.h */ = {isa = PBXFileReference; fileEncoding = 4; lastKnownFileType = sourcecode.c.h; path = "UIActivityIndicatorView+AFNetworking.h"; sourceTree = "<group>"; };
		DA7087AF207F4D2300DE04A8 /* UIImage+AFNetworking.h */ = {isa = PBXFileReference; fileEncoding = 4; lastKnownFileType = sourcecode.c.h; path = "UIImage+AFNetworking.h"; sourceTree = "<group>"; };
		DA7087B0207F4D2300DE04A8 /* UIProgressView+AFNetworking.h */ = {isa = PBXFileReference; fileEncoding = 4; lastKnownFileType = sourcecode.c.h; path = "UIProgressView+AFNetworking.h"; sourceTree = "<group>"; };
		DA7087B1207F4D2300DE04A8 /* UIImageView+AFNetworking.m */ = {isa = PBXFileReference; fileEncoding = 4; lastKnownFileType = sourcecode.c.objc; path = "UIImageView+AFNetworking.m"; sourceTree = "<group>"; };
		DA7087B2207F4D2300DE04A8 /* UIKit+AFNetworking.h */ = {isa = PBXFileReference; fileEncoding = 4; lastKnownFileType = sourcecode.c.h; path = "UIKit+AFNetworking.h"; sourceTree = "<group>"; };
		DA7087B3207F4D2300DE04A8 /* UIRefreshControl+AFNetworking.h */ = {isa = PBXFileReference; fileEncoding = 4; lastKnownFileType = sourcecode.c.h; path = "UIRefreshControl+AFNetworking.h"; sourceTree = "<group>"; };
		DA7087B4207F4D2300DE04A8 /* UIButton+AFNetworking.m */ = {isa = PBXFileReference; fileEncoding = 4; lastKnownFileType = sourcecode.c.objc; path = "UIButton+AFNetworking.m"; sourceTree = "<group>"; };
		DA7087B5207F4D2300DE04A8 /* UIActivityIndicatorView+AFNetworking.m */ = {isa = PBXFileReference; fileEncoding = 4; lastKnownFileType = sourcecode.c.objc; path = "UIActivityIndicatorView+AFNetworking.m"; sourceTree = "<group>"; };
		DA7087B6207F4D2300DE04A8 /* UIWebView+AFNetworking.m */ = {isa = PBXFileReference; fileEncoding = 4; lastKnownFileType = sourcecode.c.objc; path = "UIWebView+AFNetworking.m"; sourceTree = "<group>"; };
		DA7087B7207F4D2300DE04A8 /* AFAutoPurgingImageCache.m */ = {isa = PBXFileReference; fileEncoding = 4; lastKnownFileType = sourcecode.c.objc; path = AFAutoPurgingImageCache.m; sourceTree = "<group>"; };
		DA7087B8207F4D2300DE04A8 /* AFNetworkActivityIndicatorManager.h */ = {isa = PBXFileReference; fileEncoding = 4; lastKnownFileType = sourcecode.c.h; path = AFNetworkActivityIndicatorManager.h; sourceTree = "<group>"; };
		DA7087B9207F4D2300DE04A8 /* AFImageDownloader.m */ = {isa = PBXFileReference; fileEncoding = 4; lastKnownFileType = sourcecode.c.objc; path = AFImageDownloader.m; sourceTree = "<group>"; };
		DA7087BB207F4D2300DE04A8 /* AFSecurityPolicy.h */ = {isa = PBXFileReference; fileEncoding = 4; lastKnownFileType = sourcecode.c.h; path = AFSecurityPolicy.h; sourceTree = "<group>"; };
		DA7087BC207F4D2300DE04A8 /* AFNetworkReachabilityManager.h */ = {isa = PBXFileReference; fileEncoding = 4; lastKnownFileType = sourcecode.c.h; path = AFNetworkReachabilityManager.h; sourceTree = "<group>"; };
		DA7087BD207F4D2300DE04A8 /* AFURLSessionManager.h */ = {isa = PBXFileReference; fileEncoding = 4; lastKnownFileType = sourcecode.c.h; path = AFURLSessionManager.h; sourceTree = "<group>"; };
		DA7087BE207F4D2300DE04A8 /* AFURLRequestSerialization.h */ = {isa = PBXFileReference; fileEncoding = 4; lastKnownFileType = sourcecode.c.h; path = AFURLRequestSerialization.h; sourceTree = "<group>"; };
		DA7087BF207F4D2300DE04A8 /* AFURLResponseSerialization.m */ = {isa = PBXFileReference; fileEncoding = 4; lastKnownFileType = sourcecode.c.objc; path = AFURLResponseSerialization.m; sourceTree = "<group>"; };
		DA7087C0207F4D2300DE04A8 /* AFHTTPSessionManager.m */ = {isa = PBXFileReference; fileEncoding = 4; lastKnownFileType = sourcecode.c.objc; path = AFHTTPSessionManager.m; sourceTree = "<group>"; };
		DA7087C1207F4D2300DE04A8 /* AFURLResponseSerialization.h */ = {isa = PBXFileReference; fileEncoding = 4; lastKnownFileType = sourcecode.c.h; path = AFURLResponseSerialization.h; sourceTree = "<group>"; };
		DA7087C2207F4D2300DE04A8 /* AFURLSessionManager.m */ = {isa = PBXFileReference; fileEncoding = 4; lastKnownFileType = sourcecode.c.objc; path = AFURLSessionManager.m; sourceTree = "<group>"; };
		DA7087C3207F4D2300DE04A8 /* AFURLRequestSerialization.m */ = {isa = PBXFileReference; fileEncoding = 4; lastKnownFileType = sourcecode.c.objc; path = AFURLRequestSerialization.m; sourceTree = "<group>"; };
		DA7087C4207F4D2300DE04A8 /* AFNetworking.h */ = {isa = PBXFileReference; fileEncoding = 4; lastKnownFileType = sourcecode.c.h; path = AFNetworking.h; sourceTree = "<group>"; };
		DA7087C5207F4D2300DE04A8 /* AFNetworkReachabilityManager.m */ = {isa = PBXFileReference; fileEncoding = 4; lastKnownFileType = sourcecode.c.objc; path = AFNetworkReachabilityManager.m; sourceTree = "<group>"; };
		DA7087C6207F4D2300DE04A8 /* AFSecurityPolicy.m */ = {isa = PBXFileReference; fileEncoding = 4; lastKnownFileType = sourcecode.c.objc; path = AFSecurityPolicy.m; sourceTree = "<group>"; };
		DA7087C7207F4D2300DE04A8 /* AFHTTPSessionManager.h */ = {isa = PBXFileReference; fileEncoding = 4; lastKnownFileType = sourcecode.c.h; path = AFHTTPSessionManager.h; sourceTree = "<group>"; };
		DA7087DA207F4D2B00DE04A8 /* XDJDataEngine.m */ = {isa = PBXFileReference; fileEncoding = 4; lastKnownFileType = sourcecode.c.objc; path = XDJDataEngine.m; sourceTree = "<group>"; };
		DA7087DB207F4D2B00DE04A8 /* XDJHttpClient.m */ = {isa = PBXFileReference; fileEncoding = 4; lastKnownFileType = sourcecode.c.objc; path = XDJHttpClient.m; sourceTree = "<group>"; };
		DA7087DC207F4D2B00DE04A8 /* XDJRequestCommonNeedsDelegate.h */ = {isa = PBXFileReference; fileEncoding = 4; lastKnownFileType = sourcecode.c.h; path = XDJRequestCommonNeedsDelegate.h; sourceTree = "<group>"; };
		DA7087DD207F4D2B00DE04A8 /* XDJBaseRequestDataModel.m */ = {isa = PBXFileReference; fileEncoding = 4; lastKnownFileType = sourcecode.c.objc; path = XDJBaseRequestDataModel.m; sourceTree = "<group>"; };
		DA7087DE207F4D2B00DE04A8 /* XDJBaseNetErrorHandler.h */ = {isa = PBXFileReference; fileEncoding = 4; lastKnownFileType = sourcecode.c.h; path = XDJBaseNetErrorHandler.h; sourceTree = "<group>"; };
		DA7087DF207F4D2B00DE04A8 /* XDJRequestGenerator.m */ = {isa = PBXFileReference; fileEncoding = 4; lastKnownFileType = sourcecode.c.objc; path = XDJRequestGenerator.m; sourceTree = "<group>"; };
		DA7087E3207F4D2B00DE04A8 /* XDJDataEngine.h */ = {isa = PBXFileReference; fileEncoding = 4; lastKnownFileType = sourcecode.c.h; path = XDJDataEngine.h; sourceTree = "<group>"; };
		DA7087E4207F4D2B00DE04A8 /* XDJHttpClient.h */ = {isa = PBXFileReference; fileEncoding = 4; lastKnownFileType = sourcecode.c.h; path = XDJHttpClient.h; sourceTree = "<group>"; };
		DA7087E5207F4D2B00DE04A8 /* XDJRequestGenerator.h */ = {isa = PBXFileReference; fileEncoding = 4; lastKnownFileType = sourcecode.c.h; path = XDJRequestGenerator.h; sourceTree = "<group>"; };
		DA7087E6207F4D2B00DE04A8 /* XDJBaseNetErrorHandler.m */ = {isa = PBXFileReference; fileEncoding = 4; lastKnownFileType = sourcecode.c.objc; path = XDJBaseNetErrorHandler.m; sourceTree = "<group>"; };
		DA7087E8207F4D2B00DE04A8 /* NSString+UtilNetworking.m */ = {isa = PBXFileReference; fileEncoding = 4; lastKnownFileType = sourcecode.c.objc; path = "NSString+UtilNetworking.m"; sourceTree = "<group>"; };
		DA7087E9207F4D2B00DE04A8 /* XDJNetworkingAutoCancelRequests.h */ = {isa = PBXFileReference; fileEncoding = 4; lastKnownFileType = sourcecode.c.h; path = XDJNetworkingAutoCancelRequests.h; sourceTree = "<group>"; };
		DA7087EA207F4D2B00DE04A8 /* NSObject+NetWorkingAutoCancel.h */ = {isa = PBXFileReference; fileEncoding = 4; lastKnownFileType = sourcecode.c.h; path = "NSObject+NetWorkingAutoCancel.h"; sourceTree = "<group>"; };
		DA7087EB207F4D2B00DE04A8 /* XDJNetworkingAutoCancelRequests.m */ = {isa = PBXFileReference; fileEncoding = 4; lastKnownFileType = sourcecode.c.objc; path = XDJNetworkingAutoCancelRequests.m; sourceTree = "<group>"; };
		DA7087EC207F4D2B00DE04A8 /* NSString+UtilNetworking.h */ = {isa = PBXFileReference; fileEncoding = 4; lastKnownFileType = sourcecode.c.h; path = "NSString+UtilNetworking.h"; sourceTree = "<group>"; };
		DA7087ED207F4D2B00DE04A8 /* NSObject+NetWorkingAutoCancel.m */ = {isa = PBXFileReference; fileEncoding = 4; lastKnownFileType = sourcecode.c.objc; path = "NSObject+NetWorkingAutoCancel.m"; sourceTree = "<group>"; };
		DA7087EE207F4D2B00DE04A8 /* XDJBaseRequestDataModel.h */ = {isa = PBXFileReference; fileEncoding = 4; lastKnownFileType = sourcecode.c.h; path = XDJBaseRequestDataModel.h; sourceTree = "<group>"; };
		DA7087F8207F4DAF00DE04A8 /* UBNetWorkingDefines.h */ = {isa = PBXFileReference; lastKnownFileType = sourcecode.c.h; path = UBNetWorkingDefines.h; sourceTree = "<group>"; };
		DA7087FC207F6BA200DE04A8 /* UBNetworking.h */ = {isa = PBXFileReference; lastKnownFileType = sourcecode.c.h; path = UBNetworking.h; sourceTree = "<group>"; };
		DA7087FF207F6D1900DE04A8 /* NetErrorHandler.h */ = {isa = PBXFileReference; fileEncoding = 4; lastKnownFileType = sourcecode.c.h; path = NetErrorHandler.h; sourceTree = "<group>"; };
		DA708800207F6D1900DE04A8 /* RequestDefines.h */ = {isa = PBXFileReference; fileEncoding = 4; lastKnownFileType = sourcecode.c.h; path = RequestDefines.h; sourceTree = "<group>"; };
		DA708801207F6D1900DE04A8 /* RequestCommonNeeds.m */ = {isa = PBXFileReference; fileEncoding = 4; lastKnownFileType = sourcecode.c.objc; path = RequestCommonNeeds.m; sourceTree = "<group>"; };
		DA708803207F6D1900DE04A8 /* NetErrorHandler.m */ = {isa = PBXFileReference; fileEncoding = 4; lastKnownFileType = sourcecode.c.objc; path = NetErrorHandler.m; sourceTree = "<group>"; };
		DA708804207F6D1900DE04A8 /* RequestCommonNeeds.h */ = {isa = PBXFileReference; fileEncoding = 4; lastKnownFileType = sourcecode.c.h; path = RequestCommonNeeds.h; sourceTree = "<group>"; };
		DA8481AB210C4CDB00EB489F /* XDJDataEngine+urlControl.h */ = {isa = PBXFileReference; lastKnownFileType = sourcecode.c.h; path = "XDJDataEngine+urlControl.h"; sourceTree = "<group>"; };
		DA8481AC210C4CDB00EB489F /* XDJDataEngine+urlControl.m */ = {isa = PBXFileReference; lastKnownFileType = sourcecode.c.objc; path = "XDJDataEngine+urlControl.m"; sourceTree = "<group>"; };
/* End PBXFileReference section */

/* Begin PBXFrameworksBuildPhase section */
		DA708785207F4CFA00DE04A8 /* Frameworks */ = {
			isa = PBXFrameworksBuildPhase;
			buildActionMask = 2147483647;
			files = (
			);
			runOnlyForDeploymentPostprocessing = 0;
		};
/* End PBXFrameworksBuildPhase section */

/* Begin PBXGroup section */
		DA70877F207F4CFA00DE04A8 = {
			isa = PBXGroup;
			children = (
				DA70878A207F4CFA00DE04A8 /* NetworkingDemo */,
				DA708789207F4CFA00DE04A8 /* Products */,
			);
			sourceTree = "<group>";
		};
		DA708789207F4CFA00DE04A8 /* Products */ = {
			isa = PBXGroup;
			children = (
				DA708788207F4CFA00DE04A8 /* NetworkingDemo.app */,
			);
			name = Products;
			sourceTree = "<group>";
		};
		DA70878A207F4CFA00DE04A8 /* NetworkingDemo */ = {
			isa = PBXGroup;
			children = (
				DA7087D9207F4D2B00DE04A8 /* UBNetworking */,
				DA7087A1207F4D2300DE04A8 /* AF3.0 */,
				DA70878B207F4CFA00DE04A8 /* AppDelegate.h */,
				DA70878C207F4CFA00DE04A8 /* AppDelegate.m */,
				DA70878E207F4CFA00DE04A8 /* ViewController.h */,
				DA70878F207F4CFA00DE04A8 /* ViewController.m */,
				DA7087FD207F6D1900DE04A8 /* networkingSettings */,
				DA708791207F4CFA00DE04A8 /* Main.storyboard */,
				DA708794207F4CFB00DE04A8 /* Assets.xcassets */,
				DA708796207F4CFB00DE04A8 /* LaunchScreen.storyboard */,
				DA708799207F4CFB00DE04A8 /* Info.plist */,
				DA70879A207F4CFB00DE04A8 /* main.m */,
			);
			path = NetworkingDemo;
			sourceTree = "<group>";
		};
		DA7087A1207F4D2300DE04A8 /* AF3.0 */ = {
			isa = PBXGroup;
			children = (
				DA7087A2207F4D2300DE04A8 /* AFNetworking */,
			);
			name = AF3.0;
			path = ../../AF3.0;
			sourceTree = "<group>";
		};
		DA7087A2207F4D2300DE04A8 /* AFNetworking */ = {
			isa = PBXGroup;
			children = (
				DA7087A3207F4D2300DE04A8 /* LICENSE */,
				DA7087A4207F4D2300DE04A8 /* README.md */,
				DA7087A5207F4D2300DE04A8 /* UIKit+AFNetworking */,
				DA7087BA207F4D2300DE04A8 /* AFNetworking */,
			);
			path = AFNetworking;
			sourceTree = "<group>";
		};
		DA7087A5207F4D2300DE04A8 /* UIKit+AFNetworking */ = {
			isa = PBXGroup;
			children = (
				DA7087A6207F4D2300DE04A8 /* UIProgressView+AFNetworking.m */,
				DA7087A7207F4D2300DE04A8 /* UIButton+AFNetworking.h */,
				DA7087A8207F4D2300DE04A8 /* UIRefreshControl+AFNetworking.m */,
				DA7087A9207F4D2300DE04A8 /* UIImageView+AFNetworking.h */,
				DA7087AA207F4D2300DE04A8 /* AFImageDownloader.h */,
				DA7087AB207F4D2300DE04A8 /* AFNetworkActivityIndicatorManager.m */,
				DA7087AC207F4D2300DE04A8 /* AFAutoPurgingImageCache.h */,
				DA7087AD207F4D2300DE04A8 /* UIWebView+AFNetworking.h */,
				DA7087AE207F4D2300DE04A8 /* UIActivityIndicatorView+AFNetworking.h */,
				DA7087AF207F4D2300DE04A8 /* UIImage+AFNetworking.h */,
				DA7087B0207F4D2300DE04A8 /* UIProgressView+AFNetworking.h */,
				DA7087B1207F4D2300DE04A8 /* UIImageView+AFNetworking.m */,
				DA7087B2207F4D2300DE04A8 /* UIKit+AFNetworking.h */,
				DA7087B3207F4D2300DE04A8 /* UIRefreshControl+AFNetworking.h */,
				DA7087B4207F4D2300DE04A8 /* UIButton+AFNetworking.m */,
				DA7087B5207F4D2300DE04A8 /* UIActivityIndicatorView+AFNetworking.m */,
				DA7087B6207F4D2300DE04A8 /* UIWebView+AFNetworking.m */,
				DA7087B7207F4D2300DE04A8 /* AFAutoPurgingImageCache.m */,
				DA7087B8207F4D2300DE04A8 /* AFNetworkActivityIndicatorManager.h */,
				DA7087B9207F4D2300DE04A8 /* AFImageDownloader.m */,
			);
			path = "UIKit+AFNetworking";
			sourceTree = "<group>";
		};
		DA7087BA207F4D2300DE04A8 /* AFNetworking */ = {
			isa = PBXGroup;
			children = (
				DA7087BB207F4D2300DE04A8 /* AFSecurityPolicy.h */,
				DA7087BC207F4D2300DE04A8 /* AFNetworkReachabilityManager.h */,
				DA7087BD207F4D2300DE04A8 /* AFURLSessionManager.h */,
				DA7087BE207F4D2300DE04A8 /* AFURLRequestSerialization.h */,
				DA7087BF207F4D2300DE04A8 /* AFURLResponseSerialization.m */,
				DA7087C0207F4D2300DE04A8 /* AFHTTPSessionManager.m */,
				DA7087C1207F4D2300DE04A8 /* AFURLResponseSerialization.h */,
				DA7087C2207F4D2300DE04A8 /* AFURLSessionManager.m */,
				DA7087C3207F4D2300DE04A8 /* AFURLRequestSerialization.m */,
				DA7087C4207F4D2300DE04A8 /* AFNetworking.h */,
				DA7087C5207F4D2300DE04A8 /* AFNetworkReachabilityManager.m */,
				DA7087C6207F4D2300DE04A8 /* AFSecurityPolicy.m */,
				DA7087C7207F4D2300DE04A8 /* AFHTTPSessionManager.h */,
			);
			path = AFNetworking;
			sourceTree = "<group>";
		};
		DA7087D9207F4D2B00DE04A8 /* UBNetworking */ = {
			isa = PBXGroup;
			children = (
				DA7087FC207F6BA200DE04A8 /* UBNetworking.h */,
				DA7087F8207F4DAF00DE04A8 /* UBNetWorkingDefines.h */,
				DA7087E3207F4D2B00DE04A8 /* XDJDataEngine.h */,
				DA7087DA207F4D2B00DE04A8 /* XDJDataEngine.m */,
				DA8481AB210C4CDB00EB489F /* XDJDataEngine+urlControl.h */,
				DA8481AC210C4CDB00EB489F /* XDJDataEngine+urlControl.m */,
				DA7087E4207F4D2B00DE04A8 /* XDJHttpClient.h */,
				DA7087DB207F4D2B00DE04A8 /* XDJHttpClient.m */,
				DA64A8EA20CFA728009A3D3B /* XDJDownloadPlugin.h */,
				DA64A8EB20CFA728009A3D3B /* XDJDownloadPlugin.m */,
				DA7087DC207F4D2B00DE04A8 /* XDJRequestCommonNeedsDelegate.h */,
				DA7087EE207F4D2B00DE04A8 /* XDJBaseRequestDataModel.h */,
				DA7087DD207F4D2B00DE04A8 /* XDJBaseRequestDataModel.m */,
				DA7087E5207F4D2B00DE04A8 /* XDJRequestGenerator.h */,
				DA7087DF207F4D2B00DE04A8 /* XDJRequestGenerator.m */,
				DA7087DE207F4D2B00DE04A8 /* XDJBaseNetErrorHandler.h */,
				DA7087E6207F4D2B00DE04A8 /* XDJBaseNetErrorHandler.m */,
				DA7087E7207F4D2B00DE04A8 /* Catergory */,
			);
			name = UBNetworking;
			path = ../../UBNetworking;
			sourceTree = "<group>";
		};
		DA7087E7207F4D2B00DE04A8 /* Catergory */ = {
			isa = PBXGroup;
			children = (
				DA7087EC207F4D2B00DE04A8 /* NSString+UtilNetworking.h */,
				DA7087E8207F4D2B00DE04A8 /* NSString+UtilNetworking.m */,
				DA7087E9207F4D2B00DE04A8 /* XDJNetworkingAutoCancelRequests.h */,
				DA7087EB207F4D2B00DE04A8 /* XDJNetworkingAutoCancelRequests.m */,
				DA7087EA207F4D2B00DE04A8 /* NSObject+NetWorkingAutoCancel.h */,
				DA7087ED207F4D2B00DE04A8 /* NSObject+NetWorkingAutoCancel.m */,
			);
			path = Catergory;
			sourceTree = "<group>";
		};
		DA7087FD207F6D1900DE04A8 /* networkingSettings */ = {
			isa = PBXGroup;
			children = (
				DA708800207F6D1900DE04A8 /* RequestDefines.h */,
				DA7087FF207F6D1900DE04A8 /* NetErrorHandler.h */,
				DA708803207F6D1900DE04A8 /* NetErrorHandler.m */,
				DA708801207F6D1900DE04A8 /* RequestCommonNeeds.m */,
				DA708804207F6D1900DE04A8 /* RequestCommonNeeds.h */,
			);
			path = networkingSettings;
			sourceTree = "<group>";
		};
/* End PBXGroup section */

/* Begin PBXNativeTarget section */
		DA708787207F4CFA00DE04A8 /* NetworkingDemo */ = {
			isa = PBXNativeTarget;
			buildConfigurationList = DA70879E207F4CFB00DE04A8 /* Build configuration list for PBXNativeTarget "NetworkingDemo" */;
			buildPhases = (
				DA708784207F4CFA00DE04A8 /* Sources */,
				DA708785207F4CFA00DE04A8 /* Frameworks */,
				DA708786207F4CFA00DE04A8 /* Resources */,
			);
			buildRules = (
			);
			dependencies = (
			);
			name = NetworkingDemo;
			productName = NetworkingDemo;
			productReference = DA708788207F4CFA00DE04A8 /* NetworkingDemo.app */;
			productType = "com.apple.product-type.application";
		};
/* End PBXNativeTarget section */

/* Begin PBXProject section */
		DA708780207F4CFA00DE04A8 /* Project object */ = {
			isa = PBXProject;
			attributes = {
				LastUpgradeCheck = 0930;
				ORGANIZATIONNAME = qiuyoubo;
				TargetAttributes = {
					DA708787207F4CFA00DE04A8 = {
						CreatedOnToolsVersion = 9.3;
					};
				};
			};
			buildConfigurationList = DA708783207F4CFA00DE04A8 /* Build configuration list for PBXProject "NetworkingDemo" */;
			compatibilityVersion = "Xcode 9.3";
			developmentRegion = en;
			hasScannedForEncodings = 0;
			knownRegions = (
				en,
				Base,
			);
			mainGroup = DA70877F207F4CFA00DE04A8;
			productRefGroup = DA708789207F4CFA00DE04A8 /* Products */;
			projectDirPath = "";
			projectRoot = "";
			targets = (
				DA708787207F4CFA00DE04A8 /* NetworkingDemo */,
			);
		};
/* End PBXProject section */

/* Begin PBXResourcesBuildPhase section */
		DA708786207F4CFA00DE04A8 /* Resources */ = {
			isa = PBXResourcesBuildPhase;
			buildActionMask = 2147483647;
			files = (
				DA708798207F4CFB00DE04A8 /* LaunchScreen.storyboard in Resources */,
				DA708795207F4CFB00DE04A8 /* Assets.xcassets in Resources */,
				DA7087C9207F4D2300DE04A8 /* README.md in Resources */,
				DA7087C8207F4D2300DE04A8 /* LICENSE in Resources */,
				DA708793207F4CFA00DE04A8 /* Main.storyboard in Resources */,
			);
			runOnlyForDeploymentPostprocessing = 0;
		};
/* End PBXResourcesBuildPhase section */

/* Begin PBXSourcesBuildPhase section */
		DA708784207F4CFA00DE04A8 /* Sources */ = {
			isa = PBXSourcesBuildPhase;
			buildActionMask = 2147483647;
			files = (
				DA7087F6207F4D2C00DE04A8 /* XDJNetworkingAutoCancelRequests.m in Sources */,
				DA7087D5207F4D2300DE04A8 /* AFURLSessionManager.m in Sources */,
				DA7087CA207F4D2300DE04A8 /* UIProgressView+AFNetworking.m in Sources */,
				DA7087F4207F4D2C00DE04A8 /* XDJBaseNetErrorHandler.m in Sources */,
				DA708790207F4CFA00DE04A8 /* ViewController.m in Sources */,
				DA7087F0207F4D2C00DE04A8 /* XDJHttpClient.m in Sources */,
				DA7087D0207F4D2300DE04A8 /* UIWebView+AFNetworking.m in Sources */,
				DA7087F5207F4D2C00DE04A8 /* NSString+UtilNetworking.m in Sources */,
				DA7087CC207F4D2300DE04A8 /* AFNetworkActivityIndicatorManager.m in Sources */,
				DA7087F2207F4D2C00DE04A8 /* XDJRequestGenerator.m in Sources */,
				DA7087CB207F4D2300DE04A8 /* UIRefreshControl+AFNetworking.m in Sources */,
				DA7087D4207F4D2300DE04A8 /* AFHTTPSessionManager.m in Sources */,
				DA7087D6207F4D2300DE04A8 /* AFURLRequestSerialization.m in Sources */,
				DA7087D3207F4D2300DE04A8 /* AFURLResponseSerialization.m in Sources */,
				DA70879B207F4CFB00DE04A8 /* main.m in Sources */,
				DA7087F7207F4D2C00DE04A8 /* NSObject+NetWorkingAutoCancel.m in Sources */,
				DA64A8EC20CFA728009A3D3B /* XDJDownloadPlugin.m in Sources */,
				DA708805207F6D1900DE04A8 /* RequestCommonNeeds.m in Sources */,
				DA7087F1207F4D2C00DE04A8 /* XDJBaseRequestDataModel.m in Sources */,
				DA7087EF207F4D2C00DE04A8 /* XDJDataEngine.m in Sources */,
				DA708807207F6D1900DE04A8 /* NetErrorHandler.m in Sources */,
				DA7087D8207F4D2300DE04A8 /* AFSecurityPolicy.m in Sources */,
				DA7087CD207F4D2300DE04A8 /* UIImageView+AFNetworking.m in Sources */,
				DA7087D7207F4D2300DE04A8 /* AFNetworkReachabilityManager.m in Sources */,
				DA7087CF207F4D2300DE04A8 /* UIActivityIndicatorView+AFNetworking.m in Sources */,
				DA7087CE207F4D2300DE04A8 /* UIButton+AFNetworking.m in Sources */,
				DA70878D207F4CFA00DE04A8 /* AppDelegate.m in Sources */,
				DA8481AD210C4CDB00EB489F /* XDJDataEngine+urlControl.m in Sources */,
				DA7087D1207F4D2300DE04A8 /* AFAutoPurgingImageCache.m in Sources */,
				DA7087D2207F4D2300DE04A8 /* AFImageDownloader.m in Sources */,
			);
			runOnlyForDeploymentPostprocessing = 0;
		};
/* End PBXSourcesBuildPhase section */

/* Begin PBXVariantGroup section */
		DA708791207F4CFA00DE04A8 /* Main.storyboard */ = {
			isa = PBXVariantGroup;
			children = (
				DA708792207F4CFA00DE04A8 /* Base */,
			);
			name = Main.storyboard;
			sourceTree = "<group>";
		};
		DA708796207F4CFB00DE04A8 /* LaunchScreen.storyboard */ = {
			isa = PBXVariantGroup;
			children = (
				DA708797207F4CFB00DE04A8 /* Base */,
			);
			name = LaunchScreen.storyboard;
			sourceTree = "<group>";
		};
/* End PBXVariantGroup section */

/* Begin XCBuildConfiguration section */
		DA70879C207F4CFB00DE04A8 /* Debug */ = {
			isa = XCBuildConfiguration;
			buildSettings = {
				ALWAYS_SEARCH_USER_PATHS = NO;
				CLANG_ANALYZER_NONNULL = YES;
				CLANG_ANALYZER_NUMBER_OBJECT_CONVERSION = YES_AGGRESSIVE;
				CLANG_CXX_LANGUAGE_STANDARD = "gnu++14";
				CLANG_CXX_LIBRARY = "libc++";
				CLANG_ENABLE_MODULES = YES;
				CLANG_ENABLE_OBJC_ARC = YES;
				CLANG_ENABLE_OBJC_WEAK = YES;
				CLANG_WARN_BLOCK_CAPTURE_AUTORELEASING = YES;
				CLANG_WARN_BOOL_CONVERSION = YES;
				CLANG_WARN_COMMA = YES;
				CLANG_WARN_CONSTANT_CONVERSION = YES;
				CLANG_WARN_DEPRECATED_OBJC_IMPLEMENTATIONS = YES;
				CLANG_WARN_DIRECT_OBJC_ISA_USAGE = YES_ERROR;
				CLANG_WARN_DOCUMENTATION_COMMENTS = YES;
				CLANG_WARN_EMPTY_BODY = YES;
				CLANG_WARN_ENUM_CONVERSION = YES;
				CLANG_WARN_INFINITE_RECURSION = YES;
				CLANG_WARN_INT_CONVERSION = YES;
				CLANG_WARN_NON_LITERAL_NULL_CONVERSION = YES;
				CLANG_WARN_OBJC_IMPLICIT_RETAIN_SELF = YES;
				CLANG_WARN_OBJC_LITERAL_CONVERSION = YES;
				CLANG_WARN_OBJC_ROOT_CLASS = YES_ERROR;
				CLANG_WARN_RANGE_LOOP_ANALYSIS = YES;
				CLANG_WARN_STRICT_PROTOTYPES = YES;
				CLANG_WARN_SUSPICIOUS_MOVE = YES;
				CLANG_WARN_UNGUARDED_AVAILABILITY = YES_AGGRESSIVE;
				CLANG_WARN_UNREACHABLE_CODE = YES;
				CLANG_WARN__DUPLICATE_METHOD_MATCH = YES;
				CODE_SIGN_IDENTITY = "iPhone Developer";
				COPY_PHASE_STRIP = NO;
				DEBUG_INFORMATION_FORMAT = dwarf;
				ENABLE_STRICT_OBJC_MSGSEND = YES;
				ENABLE_TESTABILITY = YES;
				GCC_C_LANGUAGE_STANDARD = gnu11;
				GCC_DYNAMIC_NO_PIC = NO;
				GCC_NO_COMMON_BLOCKS = YES;
				GCC_OPTIMIZATION_LEVEL = 0;
				GCC_PREPROCESSOR_DEFINITIONS = (
					"DEBUG=1",
					"$(inherited)",
				);
				GCC_WARN_64_TO_32_BIT_CONVERSION = YES;
				GCC_WARN_ABOUT_RETURN_TYPE = YES_ERROR;
				GCC_WARN_UNDECLARED_SELECTOR = YES;
				GCC_WARN_UNINITIALIZED_AUTOS = YES_AGGRESSIVE;
				GCC_WARN_UNUSED_FUNCTION = YES;
				GCC_WARN_UNUSED_VARIABLE = YES;
				IPHONEOS_DEPLOYMENT_TARGET = 11.3;
				MTL_ENABLE_DEBUG_INFO = YES;
				ONLY_ACTIVE_ARCH = YES;
				SDKROOT = iphoneos;
			};
			name = Debug;
		};
		DA70879D207F4CFB00DE04A8 /* Release */ = {
			isa = XCBuildConfiguration;
			buildSettings = {
				ALWAYS_SEARCH_USER_PATHS = NO;
				CLANG_ANALYZER_NONNULL = YES;
				CLANG_ANALYZER_NUMBER_OBJECT_CONVERSION = YES_AGGRESSIVE;
				CLANG_CXX_LANGUAGE_STANDARD = "gnu++14";
				CLANG_CXX_LIBRARY = "libc++";
				CLANG_ENABLE_MODULES = YES;
				CLANG_ENABLE_OBJC_ARC = YES;
				CLANG_ENABLE_OBJC_WEAK = YES;
				CLANG_WARN_BLOCK_CAPTURE_AUTORELEASING = YES;
				CLANG_WARN_BOOL_CONVERSION = YES;
				CLANG_WARN_COMMA = YES;
				CLANG_WARN_CONSTANT_CONVERSION = YES;
				CLANG_WARN_DEPRECATED_OBJC_IMPLEMENTATIONS = YES;
				CLANG_WARN_DIRECT_OBJC_ISA_USAGE = YES_ERROR;
				CLANG_WARN_DOCUMENTATION_COMMENTS = YES;
				CLANG_WARN_EMPTY_BODY = YES;
				CLANG_WARN_ENUM_CONVERSION = YES;
				CLANG_WARN_INFINITE_RECURSION = YES;
				CLANG_WARN_INT_CONVERSION = YES;
				CLANG_WARN_NON_LITERAL_NULL_CONVERSION = YES;
				CLANG_WARN_OBJC_IMPLICIT_RETAIN_SELF = YES;
				CLANG_WARN_OBJC_LITERAL_CONVERSION = YES;
				CLANG_WARN_OBJC_ROOT_CLASS = YES_ERROR;
				CLANG_WARN_RANGE_LOOP_ANALYSIS = YES;
				CLANG_WARN_STRICT_PROTOTYPES = YES;
				CLANG_WARN_SUSPICIOUS_MOVE = YES;
				CLANG_WARN_UNGUARDED_AVAILABILITY = YES_AGGRESSIVE;
				CLANG_WARN_UNREACHABLE_CODE = YES;
				CLANG_WARN__DUPLICATE_METHOD_MATCH = YES;
				CODE_SIGN_IDENTITY = "iPhone Developer";
				COPY_PHASE_STRIP = NO;
				DEBUG_INFORMATION_FORMAT = "dwarf-with-dsym";
				ENABLE_NS_ASSERTIONS = NO;
				ENABLE_STRICT_OBJC_MSGSEND = YES;
				GCC_C_LANGUAGE_STANDARD = gnu11;
				GCC_NO_COMMON_BLOCKS = YES;
				GCC_WARN_64_TO_32_BIT_CONVERSION = YES;
				GCC_WARN_ABOUT_RETURN_TYPE = YES_ERROR;
				GCC_WARN_UNDECLARED_SELECTOR = YES;
				GCC_WARN_UNINITIALIZED_AUTOS = YES_AGGRESSIVE;
				GCC_WARN_UNUSED_FUNCTION = YES;
				GCC_WARN_UNUSED_VARIABLE = YES;
				IPHONEOS_DEPLOYMENT_TARGET = 11.3;
				MTL_ENABLE_DEBUG_INFO = NO;
				SDKROOT = iphoneos;
				VALIDATE_PRODUCT = YES;
			};
			name = Release;
		};
		DA70879F207F4CFB00DE04A8 /* Debug */ = {
			isa = XCBuildConfiguration;
			buildSettings = {
				ASSETCATALOG_COMPILER_APPICON_NAME = AppIcon;
				CODE_SIGN_STYLE = Automatic;
				DEVELOPMENT_TEAM = NZH5UZ2XKY;
				INFOPLIST_FILE = NetworkingDemo/Info.plist;
				LD_RUNPATH_SEARCH_PATHS = (
					"$(inherited)",
					"@executable_path/Frameworks",
				);
				PRODUCT_BUNDLE_IDENTIFIER = com.skates.ios.NetworkingDemo;
				PRODUCT_NAME = "$(TARGET_NAME)";
				TARGETED_DEVICE_FAMILY = "1,2";
			};
			name = Debug;
		};
		DA7087A0207F4CFB00DE04A8 /* Release */ = {
			isa = XCBuildConfiguration;
			buildSettings = {
				ASSETCATALOG_COMPILER_APPICON_NAME = AppIcon;
				CODE_SIGN_STYLE = Automatic;
				DEVELOPMENT_TEAM = NZH5UZ2XKY;
				INFOPLIST_FILE = NetworkingDemo/Info.plist;
				LD_RUNPATH_SEARCH_PATHS = (
					"$(inherited)",
					"@executable_path/Frameworks",
				);
				PRODUCT_BUNDLE_IDENTIFIER = com.skates.ios.NetworkingDemo;
				PRODUCT_NAME = "$(TARGET_NAME)";
				TARGETED_DEVICE_FAMILY = "1,2";
			};
			name = Release;
		};
/* End XCBuildConfiguration section */

/* Begin XCConfigurationList section */
		DA708783207F4CFA00DE04A8 /* Build configuration list for PBXProject "NetworkingDemo" */ = {
			isa = XCConfigurationList;
			buildConfigurations = (
				DA70879C207F4CFB00DE04A8 /* Debug */,
				DA70879D207F4CFB00DE04A8 /* Release */,
			);
			defaultConfigurationIsVisible = 0;
			defaultConfigurationName = Release;
		};
		DA70879E207F4CFB00DE04A8 /* Build configuration list for PBXNativeTarget "NetworkingDemo" */ = {
			isa = XCConfigurationList;
			buildConfigurations = (
				DA70879F207F4CFB00DE04A8 /* Debug */,
				DA7087A0207F4CFB00DE04A8 /* Release */,
			);
			defaultConfigurationIsVisible = 0;
			defaultConfigurationName = Release;
		};
/* End XCConfigurationList section */
	};
	rootObject = DA708780207F4CFA00DE04A8 /* Project object */;
}
